
Microsoft Visual Studio Solution File, Format Version 12.00
# Visual Studio Version 17
VisualStudioVersion = 17.0.32126.317
MinimumVisualStudioVersion = 10.0.40219.1
Project("{FAE04EC0-301F-11D3-BF4B-00C04F79EFBC}") = "stream", "stream\stream.csproj", "{13E4BBA4-135F-4B3F-B2E4-6E646B2147FD}"
EndProject
Global
	GlobalSection(SolutionConfigurationPlatforms) = preSolution
		Debug|Any CPU = Debug|Any CPU
		Release|Any CPU = Release|Any CPU
	EndGlobalSection
	GlobalSection(ProjectConfigurationPlatforms) = postSolution
		{13E4BBA4-135F-4B3F-B2E4-6E646B2147FD}.Debug|Any CPU.ActiveCfg = Debug|Any CPU
		{13E4BBA4-135F-4B3F-B2E4-6E646B2147FD}.Debug|Any CPU.Build.0 = Debug|Any CPU
		{13E4BBA4-135F-4B3F-B2E4-6E646B2147FD}.Release|Any CPU.ActiveCfg = Release|Any CPU
		{13E4BBA4-135F-4B3F-B2E4-6E646B2147FD}.Release|Any CPU.Build.0 = Release|Any CPU
	EndGlobalSection
	GlobalSection(SolutionProperties) = preSolution
		HideSolutionNode = FALSE
	EndGlobalSection
	GlobalSection(ExtensibilityGlobals) = postSolution
		SolutionGuid = {6CD385C5-F479-42B9-B30B-4560FBF1384F}
	EndGlobalSection
EndGlobal
